PODS:
  - Capacitor (7.4.3):
    - CapacitorCordova
  - CapacitorCamera (7.0.4):
    - Capacitor
  - CapacitorCordova (7.4.3)
  - CapacitorFilesystem (7.1.8):
    - Capacitor
    - IONFilesystemLib (~> 1.1.1)
  - IONFilesystemLib (1.1.1)

DEPENDENCIES:
  - "Capacitor (from `../../../../../node_modules/@capacitor/ios`)"
  - "CapacitorCamera (from `../../node_modules/@capacitor/camera`)"
  - "CapacitorCordova (from `../../../../../node_modules/@capacitor/ios`)"
  - "CapacitorFilesystem (from `../../node_modules/@capacitor/filesystem`)"

SPEC REPOS:
  trunk:
    - IONFilesystemLib

EXTERNAL SOURCES:
  Capacitor:
    :path: "../../../../../node_modules/@capacitor/ios"
  CapacitorCamera:
    :path: "../../node_modules/@capacitor/camera"
  CapacitorCordova:
    :path: "../../../../../node_modules/@capacitor/ios"
  CapacitorFilesystem:
    :path: "../../node_modules/@capacitor/filesystem"

SPEC CHECKSUMS:
  Capacitor: 28d6c01026a9a3f7156529498ec1f389a2a28dbc
  CapacitorCamera: 3158866d7ab503bb04e190e679d28c55def20088
  CapacitorCordova: 435121e81a2df4d0034f0fb11fcefab5104cfdb5
  CapacitorFilesystem: c63fc54df41e5a6761785a7f3c49dc696c22e296
  IONFilesystemLib: dfa8706539ac9ab77ccfd6e5b3830ce9b5e57f6c

PODFILE CHECKSUM: a444ccfbec1693044b8c6b00ebf0df67948f887a

COCOAPODS: 1.16.2
